# THIS IS AN AUTOGENERATED FILE. DO NOT EDIT THIS FILE DIRECTLY.
# yarn lockfile v1


asn1@~0.2.0:
  version "0.2.3"
  resolved "https://npm.spatie.be/asn1/-/asn1-0.2.3.tgz#dac8787713c9966849fc8180777ebe9c1ddf3b86"

semver@^5.1.0:
  version "5.3.0"
  resolved "https://npm.spatie.be/semver/-/semver-5.3.0.tgz#9b2ce5d3de02d17c6012ad326aa6b4d0cf54f94f"

ssh2-streams@~0.1.15:
  version "0.1.16"
  resolved "https://npm.spatie.be/ssh2-streams/-/ssh2-streams-0.1.16.tgz#ac9d3ce9e062f8cf08fcce5b3a274b6d5cecdc54"
  dependencies:
    asn1 "~0.2.0"
    semver "^5.1.0"
    streamsearch "~0.1.2"

ssh2@^0.5.4:
  version "0.5.4"
  resolved "https://npm.spatie.be/ssh2/-/ssh2-0.5.4.tgz#1bf6b6b28c96eaef267f4d6c46a5a2517a599e27"
  dependencies:
    ssh2-streams "~0.1.15"

streamsearch@~0.1.2:
  version "0.1.2"
  resolved "https://npm.spatie.be/streamsearch/-/streamsearch-0.1.2.tgz#808b9d0e56fc273d809ba57338e929919a1a9f1a"
